
Microsoft Visual Studio Solution File, Format Version 12.00
# Visual Studio Version 17
VisualStudioVersion = 17.12.35527.113 d17.12
MinimumVisualStudioVersion = 10.0.40219.1
Project("{FAE04EC0-301F-11D3-BF4B-00C04F79EFBC}") = "vs_cyrillic_underline_2022", "vs_cyrillic_underline_2022\vs_cyrillic_underline_2022.csproj", "{0E798092-C3D5-49AA-A32C-332CCA2160BA}"
EndProject
Global
	GlobalSection(SolutionConfigurationPlatforms) = preSolution
		Debug|Any CPU = Debug|Any CPU
		Debug|arm64 = Debug|arm64
		Debug|x86 = Debug|x86
		Release|Any CPU = Release|Any CPU
		Release|arm64 = Release|arm64
		Release|x86 = Release|x86
	EndGlobalSection
	GlobalSection(ProjectConfigurationPlatforms) = postSolution
		{0E798092-C3D5-49AA-A32C-332CCA2160BA}.Debug|Any CPU.ActiveCfg = Debug|Any CPU
		{0E798092-C3D5-49AA-A32C-332CCA2160BA}.Debug|Any CPU.Build.0 = Debug|Any CPU
		{0E798092-C3D5-49AA-A32C-332CCA2160BA}.Debug|arm64.ActiveCfg = Debug|arm64
		{0E798092-C3D5-49AA-A32C-332CCA2160BA}.Debug|arm64.Build.0 = Debug|arm64
		{0E798092-C3D5-49AA-A32C-332CCA2160BA}.Debug|x86.ActiveCfg = Debug|x86
		{0E798092-C3D5-49AA-A32C-332CCA2160BA}.Debug|x86.Build.0 = Debug|x86
		{0E798092-C3D5-49AA-A32C-332CCA2160BA}.Release|Any CPU.ActiveCfg = Release|Any CPU
		{0E798092-C3D5-49AA-A32C-332CCA2160BA}.Release|Any CPU.Build.0 = Release|Any CPU
		{0E798092-C3D5-49AA-A32C-332CCA2160BA}.Release|arm64.ActiveCfg = Release|arm64
		{0E798092-C3D5-49AA-A32C-332CCA2160BA}.Release|arm64.Build.0 = Release|arm64
		{0E798092-C3D5-49AA-A32C-332CCA2160BA}.Release|x86.ActiveCfg = Release|x86
		{0E798092-C3D5-49AA-A32C-332CCA2160BA}.Release|x86.Build.0 = Release|x86
	EndGlobalSection
	GlobalSection(SolutionProperties) = preSolution
		HideSolutionNode = FALSE
	EndGlobalSection
EndGlobal
