
Microsoft Visual Studio Solution File, Format Version 12.00
# Visual Studio Version 16
VisualStudioVersion = 16.0.35931.194
MinimumVisualStudioVersion = 10.0.40219.1
Project("{FAE04EC0-301F-11D3-BF4B-00C04F79EFBC}") = "vs_cyrillic_underline_2019", "vs_cyrillic_underline_2019\vs_cyrillic_underline_2019.csproj", "{C207C366-2711-43CA-9C08-C7DF5B6C57F1}"
EndProject
Global
	GlobalSection(SolutionConfigurationPlatforms) = preSolution
		Debug|Any CPU = Debug|Any CPU
		Release|Any CPU = Release|Any CPU
	EndGlobalSection
	GlobalSection(ProjectConfigurationPlatforms) = postSolution
		{C207C366-2711-43CA-9C08-C7DF5B6C57F1}.Debug|Any CPU.ActiveCfg = Debug|Any CPU
		{C207C366-2711-43CA-9C08-C7DF5B6C57F1}.Debug|Any CPU.Build.0 = Debug|Any CPU
		{C207C366-2711-43CA-9C08-C7DF5B6C57F1}.Release|Any CPU.ActiveCfg = Release|Any CPU
		{C207C366-2711-43CA-9C08-C7DF5B6C57F1}.Release|Any CPU.Build.0 = Release|Any CPU
	EndGlobalSection
	GlobalSection(SolutionProperties) = preSolution
		HideSolutionNode = FALSE
	EndGlobalSection
	GlobalSection(ExtensibilityGlobals) = postSolution
		SolutionGuid = {56458631-2847-40C1-B445-718599448E0A}
	EndGlobalSection
EndGlobal
